
Microsoft Visual Studio Solution File, Format Version 12.00
# Visual Studio Version 17
VisualStudioVersion = 17.0.31903.59
MinimumVisualStudioVersion = 10.0.40219.1
Project("{FAE04EC0-301F-11D3-BF4B-00C04F79EFBC}") = "AluguerVeiculos", "AluguerVeiculos\AluguerVeiculos.csproj", "{1DE8DDF0-1286-4335-B343-F7473218FF77}"
EndProject
Global
	GlobalSection(SolutionConfigurationPlatforms) = preSolution
		Debug|Any CPU = Debug|Any CPU
		Release|Any CPU = Release|Any CPU
	EndGlobalSection
	GlobalSection(SolutionProperties) = preSolution
		HideSolutionNode = FALSE
	EndGlobalSection
	GlobalSection(ProjectConfigurationPlatforms) = postSolution
		{1DE8DDF0-1286-4335-B343-F7473218FF77}.Debug|Any CPU.ActiveCfg = Debug|Any CPU
		{1DE8DDF0-1286-4335-B343-F7473218FF77}.Debug|Any CPU.Build.0 = Debug|Any CPU
		{1DE8DDF0-1286-4335-B343-F7473218FF77}.Release|Any CPU.ActiveCfg = Release|Any CPU
		{1DE8DDF0-1286-4335-B343-F7473218FF77}.Release|Any CPU.Build.0 = Release|Any CPU
	EndGlobalSection
EndGlobal
